
Microsoft Visual Studio Solution File, Format Version 12.00
# Visual Studio Version 16
VisualStudioVersion = 16.0.30804.86
MinimumVisualStudioVersion = 10.0.40219.1
Project("{FAE04EC0-301F-11D3-BF4B-00C04F79EFBC}") = "OB2Plugin", "OB2Plugin\OB2Plugin.csproj", "{742DD9C7-37B6-4895-8CC4-8ACF5FB41BBA}"
EndProject
Global
	GlobalSection(SolutionConfigurationPlatforms) = preSolution
		Debug|Any CPU = Debug|Any CPU
		Release|Any CPU = Release|Any CPU
	EndGlobalSection
	GlobalSection(ProjectConfigurationPlatforms) = postSolution
		{742DD9C7-37B6-4895-8CC4-8ACF5FB41BBA}.Debug|Any CPU.ActiveCfg = Debug|Any CPU
		{742DD9C7-37B6-4895-8CC4-8ACF5FB41BBA}.Debug|Any CPU.Build.0 = Debug|Any CPU
		{742DD9C7-37B6-4895-8CC4-8ACF5FB41BBA}.Release|Any CPU.ActiveCfg = Release|Any CPU
		{742DD9C7-37B6-4895-8CC4-8ACF5FB41BBA}.Release|Any CPU.Build.0 = Release|Any CPU
	EndGlobalSection
	GlobalSection(SolutionProperties) = preSolution
		HideSolutionNode = FALSE
	EndGlobalSection
	GlobalSection(ExtensibilityGlobals) = postSolution
		SolutionGuid = {2B72AC24-65E7-4967-9E8B-493F4A53B1C4}
	EndGlobalSection
EndGlobal
